<?xml version="1.0" encoding="utf-8"?>
<Project ToolsVersion="17.0" xmlns="http://schemas.microsoft.com/developer/msbuild/2003">
  <ItemGroup>
    <CustomBuild Include="C:\Users\pradi\workspace\Order_book\cMakeBuild\CMakeFiles\0fe7bb5b0df0533f82fd3fbefd1954c6\INSTALL_force.rule">
      <Filter>CMake Rules</Filter>
    </CustomBuild>
  </ItemGroup>
  <ItemGroup>
    <Filter Include="CMake Rules">
      <UniqueIdentifier>{4F2F14AB-B29D-3E5E-A3AE-296D48DE59E3}</UniqueIdentifier>
    </Filter>
  </ItemGroup>
</Project>
